
Microsoft Visual Studio Solution File, Format Version 12.00
# Visual Studio 2012
Project("{6141683F-8A12-4E36-9623-2EB02B2C2303}") = "EFAMAgentSetup", "EFAMAgentSetup.isproj", "{2D74BAF2-1C07-4347-9FAB-16FF09B04871}"
EndProject
Global
	GlobalSection(SolutionConfigurationPlatforms) = preSolution
		CD_ROM|Default = CD_ROM|Default
		DVD-5|Default = DVD-5|Default
		SingleImage|Default = SingleImage|Default
	EndGlobalSection
	GlobalSection(ProjectConfigurationPlatforms) = postSolution
		{2D74BAF2-1C07-4347-9FAB-16FF09B04871}.CD_ROM|Default.ActiveCfg = CD_ROM
		{2D74BAF2-1C07-4347-9FAB-16FF09B04871}.CD_ROM|Default.Build.0 = CD_ROM
		{2D74BAF2-1C07-4347-9FAB-16FF09B04871}.DVD-5|Default.ActiveCfg = DVD-5
		{2D74BAF2-1C07-4347-9FAB-16FF09B04871}.DVD-5|Default.Build.0 = DVD-5
		{2D74BAF2-1C07-4347-9FAB-16FF09B04871}.SingleImage|Default.ActiveCfg = SingleImage
		{2D74BAF2-1C07-4347-9FAB-16FF09B04871}.SingleImage|Default.Build.0 = SingleImage
	EndGlobalSection
	GlobalSection(SolutionProperties) = preSolution
		HideSolutionNode = FALSE
	EndGlobalSection
EndGlobal
